
Microsoft Visual Studio Solution File, Format Version 12.00
# Visual Studio Version 16
VisualStudioVersion = 16.0.31005.135
MinimumVisualStudioVersion = 10.0.40219.1
Project("{8BC9CEB8-8B4A-11D0-8D11-00A0C91BC942}") = "GumbleMachine", "Lab8\Lab8.vcxproj", "{C1CAAD2A-E352-47CD-87E5-9166085053EC}"
EndProject
Project("{8BC9CEB8-8B4A-11D0-8D11-00A0C91BC942}") = "GumbleMachine_tests", "GumbleMachine_tests\GumbleMachine_tests.vcxproj", "{1A4B7662-81CF-4E59-BAEE-22D1D332CCD7}"
EndProject
Project("{8BC9CEB8-8B4A-11D0-8D11-00A0C91BC942}") = "MultiGumballMachine", "MultiGumballMachine\MultiGumballMachine.vcxproj", "{0B89037A-CC00-4F54-B4DD-CF722FA09BBC}"
EndProject
Project("{8BC9CEB8-8B4A-11D0-8D11-00A0C91BC942}") = "MultiGumballMachine_tests", "MultiGumballMachine_tests\MultiGumballMachine_tests.vcxproj", "{7CBE73B3-EAE8-42AE-AC1C-81D47CD8F11F}"
EndProject
Global
	GlobalSection(SolutionConfigurationPlatforms) = preSolution
		Debug|x64 = Debug|x64
		Debug|x86 = Debug|x86
		Release|x64 = Release|x64
		Release|x86 = Release|x86
	EndGlobalSection
	GlobalSection(ProjectConfigurationPlatforms) = postSolution
		{C1CAAD2A-E352-47CD-87E5-9166085053EC}.Debug|x64.ActiveCfg = Debug|x64
		{C1CAAD2A-E352-47CD-87E5-9166085053EC}.Debug|x64.Build.0 = Debug|x64
		{C1CAAD2A-E352-47CD-87E5-9166085053EC}.Debug|x86.ActiveCfg = Debug|Win32
		{C1CAAD2A-E352-47CD-87E5-9166085053EC}.Debug|x86.Build.0 = Debug|Win32
		{C1CAAD2A-E352-47CD-87E5-9166085053EC}.Release|x64.ActiveCfg = Release|x64
		{C1CAAD2A-E352-47CD-87E5-9166085053EC}.Release|x64.Build.0 = Release|x64
		{C1CAAD2A-E352-47CD-87E5-9166085053EC}.Release|x86.ActiveCfg = Release|Win32
		{C1CAAD2A-E352-47CD-87E5-9166085053EC}.Release|x86.Build.0 = Release|Win32
		{1A4B7662-81CF-4E59-BAEE-22D1D332CCD7}.Debug|x64.ActiveCfg = Debug|x64
		{1A4B7662-81CF-4E59-BAEE-22D1D332CCD7}.Debug|x64.Build.0 = Debug|x64
		{1A4B7662-81CF-4E59-BAEE-22D1D332CCD7}.Debug|x86.ActiveCfg = Debug|Win32
		{1A4B7662-81CF-4E59-BAEE-22D1D332CCD7}.Debug|x86.Build.0 = Debug|Win32
		{1A4B7662-81CF-4E59-BAEE-22D1D332CCD7}.Release|x64.ActiveCfg = Release|x64
		{1A4B7662-81CF-4E59-BAEE-22D1D332CCD7}.Release|x64.Build.0 = Release|x64
		{1A4B7662-81CF-4E59-BAEE-22D1D332CCD7}.Release|x86.ActiveCfg = Release|Win32
		{1A4B7662-81CF-4E59-BAEE-22D1D332CCD7}.Release|x86.Build.0 = Release|Win32
		{0B89037A-CC00-4F54-B4DD-CF722FA09BBC}.Debug|x64.ActiveCfg = Debug|x64
		{0B89037A-CC00-4F54-B4DD-CF722FA09BBC}.Debug|x64.Build.0 = Debug|x64
		{0B89037A-CC00-4F54-B4DD-CF722FA09BBC}.Debug|x86.ActiveCfg = Debug|Win32
		{0B89037A-CC00-4F54-B4DD-CF722FA09BBC}.Debug|x86.Build.0 = Debug|Win32
		{0B89037A-CC00-4F54-B4DD-CF722FA09BBC}.Release|x64.ActiveCfg = Release|x64
		{0B89037A-CC00-4F54-B4DD-CF722FA09BBC}.Release|x64.Build.0 = Release|x64
		{0B89037A-CC00-4F54-B4DD-CF722FA09BBC}.Release|x86.ActiveCfg = Release|Win32
		{0B89037A-CC00-4F54-B4DD-CF722FA09BBC}.Release|x86.Build.0 = Release|Win32
		{7CBE73B3-EAE8-42AE-AC1C-81D47CD8F11F}.Debug|x64.ActiveCfg = Debug|x64
		{7CBE73B3-EAE8-42AE-AC1C-81D47CD8F11F}.Debug|x64.Build.0 = Debug|x64
		{7CBE73B3-EAE8-42AE-AC1C-81D47CD8F11F}.Debug|x86.ActiveCfg = Debug|Win32
		{7CBE73B3-EAE8-42AE-AC1C-81D47CD8F11F}.Debug|x86.Build.0 = Debug|Win32
		{7CBE73B3-EAE8-42AE-AC1C-81D47CD8F11F}.Release|x64.ActiveCfg = Release|x64
		{7CBE73B3-EAE8-42AE-AC1C-81D47CD8F11F}.Release|x64.Build.0 = Release|x64
		{7CBE73B3-EAE8-42AE-AC1C-81D47CD8F11F}.Release|x86.ActiveCfg = Release|Win32
		{7CBE73B3-EAE8-42AE-AC1C-81D47CD8F11F}.Release|x86.Build.0 = Release|Win32
	EndGlobalSection
	GlobalSection(SolutionProperties) = preSolution
		HideSolutionNode = FALSE
	EndGlobalSection
	GlobalSection(ExtensibilityGlobals) = postSolution
		SolutionGuid = {930F01D8-8CD0-43BA-909F-0537CAA5D9F5}
	EndGlobalSection
EndGlobal
