<?xml version="1.0" encoding="utf-8"?>
<Project ToolsVersion="4.0" xmlns="http://schemas.microsoft.com/developer/msbuild/2003">
  <ItemGroup>
    <Filter Include="Исходные файлы">
      <UniqueIdentifier>{4FC737F1-C7A5-4376-A066-2A32D752A2FF}</UniqueIdentifier>
      <Extensions>cpp;c;cc;cxx;c++;cppm;ixx;def;odl;idl;hpj;bat;asm;asmx</Extensions>
    </Filter>
    <Filter Include="Файлы заголовков">
      <UniqueIdentifier>{93995380-89BD-4b04-88EB-625FBE52EBFB}</UniqueIdentifier>
      <Extensions>h;hh;hpp;hxx;h++;hm;inl;inc;ipp;xsd</Extensions>
    </Filter>
    <Filter Include="Файлы ресурсов">
      <UniqueIdentifier>{67DA6AB6-F800-4c08-8B7A-83BB121AAD01}</UniqueIdentifier>
      <Extensions>rc;ico;cur;bmp;dlg;rc2;rct;bin;rgs;gif;jpg;jpeg;jpe;resx;tiff;tif;png;wav;mfcribbon-ms</Extensions>
    </Filter>
  </ItemGroup>
  <ItemGroup>
    <ClCompile Include="tests.cpp">
      <Filter>Исходные файлы</Filter>
    </ClCompile>
    <ClCompile Include="..\Task1\CCanvas.cpp">
      <Filter>Исходные файлы</Filter>
    </ClCompile>
    <ClCompile Include="..\Task1\CDesigner.cpp">
      <Filter>Исходные файлы</Filter>
    </ClCompile>
    <ClCompile Include="..\Task1\CElipse.cpp">
      <Filter>Исходные файлы</Filter>
    </ClCompile>
    <ClCompile Include="..\Task1\CPainter.cpp">
      <Filter>Исходные файлы</Filter>
    </ClCompile>
    <ClCompile Include="..\Task1\CPictureDraft.cpp">
      <Filter>Исходные файлы</Filter>
    </ClCompile>
    <ClCompile Include="..\Task1\CRectangle.cpp">
      <Filter>Исходные файлы</Filter>
    </ClCompile>
    <ClCompile Include="..\Task1\CRegularPolygon.cpp">
      <Filter>Исходные файлы</Filter>
    </ClCompile>
    <ClCompile Include="..\Task1\CShapeFactory.cpp">
      <Filter>Исходные файлы</Filter>
    </ClCompile>
    <ClCompile Include="..\Task1\CTriangle.cpp">
      <Filter>Исходные файлы</Filter>
    </ClCompile>
    <ClCompile Include="..\Task1\ICanvas.cpp">
      <Filter>Исходные файлы</Filter>
    </ClCompile>
    <ClCompile Include="..\Task1\IDesigner.cpp">
      <Filter>Исходные файлы</Filter>
    </ClCompile>
    <ClCompile Include="..\Task1\IShapeFactory.cpp">
      <Filter>Исходные файлы</Filter>
    </ClCompile>
  </ItemGroup>
  <ItemGroup>
    <ClInclude Include="..\Task1\CCanvas.h">
      <Filter>Исходные файлы</Filter>
    </ClInclude>
    <ClInclude Include="..\Task1\CDesigner.h">
      <Filter>Исходные файлы</Filter>
    </ClInclude>
    <ClInclude Include="..\Task1\CElipse.h">
      <Filter>Исходные файлы</Filter>
    </ClInclude>
    <ClInclude Include="..\Task1\Common.h">
      <Filter>Исходные файлы</Filter>
    </ClInclude>
    <ClInclude Include="..\Task1\CPainter.h">
      <Filter>Исходные файлы</Filter>
    </ClInclude>
    <ClInclude Include="..\Task1\CPictureDraft.h">
      <Filter>Исходные файлы</Filter>
    </ClInclude>
    <ClInclude Include="..\Task1\CRectangle.h">
      <Filter>Исходные файлы</Filter>
    </ClInclude>
    <ClInclude Include="..\Task1\CRegularPolygon.h">
      <Filter>Исходные файлы</Filter>
    </ClInclude>
    <ClInclude Include="..\Task1\CShape.h">
      <Filter>Исходные файлы</Filter>
    </ClInclude>
    <ClInclude Include="..\Task1\CShapeFactory.h">
      <Filter>Исходные файлы</Filter>
    </ClInclude>
    <ClInclude Include="..\Task1\CTriangle.h">
      <Filter>Исходные файлы</Filter>
    </ClInclude>
    <ClInclude Include="..\Task1\ICanvas.h">
      <Filter>Исходные файлы</Filter>
    </ClInclude>
    <ClInclude Include="..\Task1\IDesigner.h">
      <Filter>Исходные файлы</Filter>
    </ClInclude>
    <ClInclude Include="..\Task1\IShapeFactory.h">
      <Filter>Исходные файлы</Filter>
    </ClInclude>
  </ItemGroup>
</Project>